
Microsoft Visual Studio Solution File, Format Version 12.00
# Visual Studio 15
VisualStudioVersion = 15.0.28307.136
MinimumVisualStudioVersion = 10.0.40219.1
Project("{FAE04EC0-301F-11D3-BF4B-00C04F79EFBC}") = "BattleShipApp", "BattleShipApp\BattleShipApp.csproj", "{69CBA65A-9BD8-4F12-B714-8440BE12B802}"
EndProject
Global
	GlobalSection(SolutionConfigurationPlatforms) = preSolution
		Debug|Any CPU = Debug|Any CPU
		Release|Any CPU = Release|Any CPU
	EndGlobalSection
	GlobalSection(ProjectConfigurationPlatforms) = postSolution
		{69CBA65A-9BD8-4F12-B714-8440BE12B802}.Debug|Any CPU.ActiveCfg = Debug|Any CPU
		{69CBA65A-9BD8-4F12-B714-8440BE12B802}.Debug|Any CPU.Build.0 = Debug|Any CPU
		{69CBA65A-9BD8-4F12-B714-8440BE12B802}.Release|Any CPU.ActiveCfg = Release|Any CPU
		{69CBA65A-9BD8-4F12-B714-8440BE12B802}.Release|Any CPU.Build.0 = Release|Any CPU
	EndGlobalSection
	GlobalSection(SolutionProperties) = preSolution
		HideSolutionNode = FALSE
	EndGlobalSection
	GlobalSection(ExtensibilityGlobals) = postSolution
		SolutionGuid = {215FD2C9-F799-428F-AE8B-7D92F9AD81FA}
	EndGlobalSection
EndGlobal
